
Microsoft Visual Studio Solution File, Format Version 12.00
# Visual Studio 15
VisualStudioVersion = 15.0.27130.2020
MinimumVisualStudioVersion = 10.0.40219.1
Project("{9A19103F-16F7-4668-BE54-9A1E7A4F7556}") = "PostsCommentsSample.Web", "PostsCommentsSample.Web\PostsCommentsSample.Web.csproj", "{79E2031F-8720-4432-A3A1-A3335E33F00A}"
EndProject
Project("{9A19103F-16F7-4668-BE54-9A1E7A4F7556}") = "PostsCommentsSample.Domain", "PostsCommentsSample.Domain\PostsCommentsSample.Domain.csproj", "{CF3EAF1C-2347-4B99-A97C-6659B86825DC}"
EndProject
Project("{9A19103F-16F7-4668-BE54-9A1E7A4F7556}") = "PostsCommentsSample.Data", "PostsCommentsSample.Data\PostsCommentsSample.Data.csproj", "{40918DA7-2222-4C19-A9D7-7D758C1630C7}"
EndProject
Project("{9A19103F-16F7-4668-BE54-9A1E7A4F7556}") = "PostsCommentsSample.TestHarness", "PostsCommentsSample.TestHarness\PostsCommentsSample.TestHarness.csproj", "{1D8C80FF-89EF-4457-BB73-AEA0E5B07345}"
EndProject
Global
	GlobalSection(SolutionConfigurationPlatforms) = preSolution
		Debug|Any CPU = Debug|Any CPU
		Release|Any CPU = Release|Any CPU
	EndGlobalSection
	GlobalSection(ProjectConfigurationPlatforms) = postSolution
		{79E2031F-8720-4432-A3A1-A3335E33F00A}.Debug|Any CPU.ActiveCfg = Debug|Any CPU
		{79E2031F-8720-4432-A3A1-A3335E33F00A}.Debug|Any CPU.Build.0 = Debug|Any CPU
		{79E2031F-8720-4432-A3A1-A3335E33F00A}.Release|Any CPU.ActiveCfg = Release|Any CPU
		{79E2031F-8720-4432-A3A1-A3335E33F00A}.Release|Any CPU.Build.0 = Release|Any CPU
		{CF3EAF1C-2347-4B99-A97C-6659B86825DC}.Debug|Any CPU.ActiveCfg = Debug|Any CPU
		{CF3EAF1C-2347-4B99-A97C-6659B86825DC}.Debug|Any CPU.Build.0 = Debug|Any CPU
		{CF3EAF1C-2347-4B99-A97C-6659B86825DC}.Release|Any CPU.ActiveCfg = Release|Any CPU
		{CF3EAF1C-2347-4B99-A97C-6659B86825DC}.Release|Any CPU.Build.0 = Release|Any CPU
		{40918DA7-2222-4C19-A9D7-7D758C1630C7}.Debug|Any CPU.ActiveCfg = Debug|Any CPU
		{40918DA7-2222-4C19-A9D7-7D758C1630C7}.Debug|Any CPU.Build.0 = Debug|Any CPU
		{40918DA7-2222-4C19-A9D7-7D758C1630C7}.Release|Any CPU.ActiveCfg = Release|Any CPU
		{40918DA7-2222-4C19-A9D7-7D758C1630C7}.Release|Any CPU.Build.0 = Release|Any CPU
		{1D8C80FF-89EF-4457-BB73-AEA0E5B07345}.Debug|Any CPU.ActiveCfg = Debug|Any CPU
		{1D8C80FF-89EF-4457-BB73-AEA0E5B07345}.Debug|Any CPU.Build.0 = Debug|Any CPU
		{1D8C80FF-89EF-4457-BB73-AEA0E5B07345}.Release|Any CPU.ActiveCfg = Release|Any CPU
		{1D8C80FF-89EF-4457-BB73-AEA0E5B07345}.Release|Any CPU.Build.0 = Release|Any CPU
	EndGlobalSection
	GlobalSection(SolutionProperties) = preSolution
		HideSolutionNode = FALSE
	EndGlobalSection
	GlobalSection(ExtensibilityGlobals) = postSolution
		SolutionGuid = {A810A0A8-C4F3-4E8D-8563-8DEC4164D062}
	EndGlobalSection
EndGlobal
